
Microsoft Visual Studio Solution File, Format Version 12.00
# Visual Studio 15
VisualStudioVersion = 15.0.28010.0
MinimumVisualStudioVersion = 10.0.40219.1
Project("{9A19103F-16F7-4668-BE54-9A1E7A4F7556}") = "SceneSkope.ServiceFabric.Storage", "SceneSkope.ServiceFabric.Storage\SceneSkope.ServiceFabric.Storage.csproj", "{B8C09EA2-DB2C-4FC3-9648-E6C49D517E2C}"
EndProject
Project("{2150E333-8FDC-42A3-9474-1A3956D46DE8}") = "Solution Items", "Solution Items", "{A5813FE9-4B18-4294-B066-CA67D8C50327}"
	ProjectSection(SolutionItems) = preProject
		appveyor.yml = appveyor.yml
		build.ps1 = build.ps1
		Directory.Build.props = Directory.Build.props
		README.md = README.md
	EndProjectSection
EndProject
Global
	GlobalSection(SolutionConfigurationPlatforms) = preSolution
		Debug|Any CPU = Debug|Any CPU
		Release|Any CPU = Release|Any CPU
	EndGlobalSection
	GlobalSection(ProjectConfigurationPlatforms) = postSolution
		{B8C09EA2-DB2C-4FC3-9648-E6C49D517E2C}.Debug|Any CPU.ActiveCfg = Debug|Any CPU
		{B8C09EA2-DB2C-4FC3-9648-E6C49D517E2C}.Debug|Any CPU.Build.0 = Debug|Any CPU
		{B8C09EA2-DB2C-4FC3-9648-E6C49D517E2C}.Release|Any CPU.ActiveCfg = Release|Any CPU
		{B8C09EA2-DB2C-4FC3-9648-E6C49D517E2C}.Release|Any CPU.Build.0 = Release|Any CPU
	EndGlobalSection
	GlobalSection(SolutionProperties) = preSolution
		HideSolutionNode = FALSE
	EndGlobalSection
	GlobalSection(ExtensibilityGlobals) = postSolution
		SolutionGuid = {3D9D297C-790D-4C12-89D0-F29AAC1C5C15}
	EndGlobalSection
EndGlobal
